
Microsoft Visual Studio Solution File, Format Version 12.00
# Visual Studio Version 16
VisualStudioVersion = 16.0.29905.134
MinimumVisualStudioVersion = 10.0.40219.1
Project("{9A19103F-16F7-4668-BE54-9A1E7A4F7556}") = "SPA_API", "SPA_API\SPA_API.csproj", "{4177785D-DAEC-460D-BB27-595536E42A9D}"
EndProject
Global
	GlobalSection(SolutionConfigurationPlatforms) = preSolution
		Debug|Any CPU = Debug|Any CPU
		Release|Any CPU = Release|Any CPU
	EndGlobalSection
	GlobalSection(ProjectConfigurationPlatforms) = postSolution
		{4177785D-DAEC-460D-BB27-595536E42A9D}.Debug|Any CPU.ActiveCfg = Debug|Any CPU
		{4177785D-DAEC-460D-BB27-595536E42A9D}.Debug|Any CPU.Build.0 = Debug|Any CPU
		{4177785D-DAEC-460D-BB27-595536E42A9D}.Release|Any CPU.ActiveCfg = Release|Any CPU
		{4177785D-DAEC-460D-BB27-595536E42A9D}.Release|Any CPU.Build.0 = Release|Any CPU
	EndGlobalSection
	GlobalSection(SolutionProperties) = preSolution
		HideSolutionNode = FALSE
	EndGlobalSection
	GlobalSection(ExtensibilityGlobals) = postSolution
		SolutionGuid = {D1133A1C-D15B-4A84-A002-E50B2E38C57D}
	EndGlobalSection
EndGlobal
